{
  "requires": true,
  "lockfileVersion": 1,
  "dependencies": {
    "jweixin-module": {
      "version": "1.6.0",
      "resolved": "https://registry.npmjs.org/jweixin-module/-/jweixin-module-1.6.0.tgz",
      "integrity": "sha512-dGk9cf+ipipHmtzYmKZs5B2toX+p4hLyllGLF6xuC8t+B05oYxd8fYoaRz0T30U2n3RUv8a4iwvjhA+OcYz52w=="
    },
    "mpvue-citypicker": {
      "version": "1.0.6",
      "resolved": "https://registry.npmjs.org/mpvue-citypicker/-/mpvue-citypicker-1.0.6.tgz",
      "integrity": "sha512-V8TuUILYw7pFV0ii02tXKUtLmoa+mTxxJS85dEIc4sp85dVTLNi2GmXqBoz9MkT+QwKeOf3fPvFZzoucERz5rA=="
    }
  }
}
