{
  "requires": true,
  "lockfileVersion": 1,
  "dependencies": {
    "mpvue-citypicker": {
      "version": "1.0.6",
      "resolved": "https://registry.npmjs.org/mpvue-citypicker/-/mpvue-citypicker-1.0.6.tgz",
      "integrity": "sha512-V8TuUILYw7pFV0ii02tXKUtLmoa+mTxxJS85dEIc4sp85dVTLNi2GmXqBoz9MkT+QwKeOf3fPvFZzoucERz5rA=="
    }
  }
}
